
Microsoft Visual Studio Solution File, Format Version 12.00
# Visual Studio 15
VisualStudioVersion = 15.0.27428.2002
MinimumVisualStudioVersion = 10.0.40219.1
Project("{FAE04EC0-301F-11D3-BF4B-00C04F79EFBC}") = "ApiKarbord", "ApiKarbord\ApiKarbord.csproj", "{F2B93639-9797-4B88-9DD8-D96EAC28ECCF}"
EndProject
Global
	GlobalSection(SolutionConfigurationPlatforms) = preSolution
		Debug|Any CPU = Debug|Any CPU
		Release|Any CPU = Release|Any CPU
	EndGlobalSection
	GlobalSection(ProjectConfigurationPlatforms) = postSolution
		{F2B93639-9797-4B88-9DD8-D96EAC28ECCF}.Debug|Any CPU.ActiveCfg = Debug|Any CPU
		{F2B93639-9797-4B88-9DD8-D96EAC28ECCF}.Debug|Any CPU.Build.0 = Debug|Any CPU
		{F2B93639-9797-4B88-9DD8-D96EAC28ECCF}.Release|Any CPU.ActiveCfg = Release|Any CPU
		{F2B93639-9797-4B88-9DD8-D96EAC28ECCF}.Release|Any CPU.Build.0 = Release|Any CPU
	EndGlobalSection
	GlobalSection(SolutionProperties) = preSolution
		HideSolutionNode = FALSE
	EndGlobalSection
	GlobalSection(ExtensibilityGlobals) = postSolution
		SolutionGuid = {42E73F8E-39C5-4412-A925-97F52DA2418F}
	EndGlobalSection
EndGlobal
